
Microsoft Visual Studio Solution File, Format Version 12.00
# Visual Studio Version 16
VisualStudioVersion = 16.0.29926.136
MinimumVisualStudioVersion = 10.0.40219.1
Project("{FAE04EC0-301F-11D3-BF4B-00C04F79EFBC}") = "MoteurDeRecherche", "MoteurDeRecherche\MoteurDeRecherche.csproj", "{724C6EF4-B314-4CEF-A956-D81DB6F2293B}"
EndProject
Global
	GlobalSection(SolutionConfigurationPlatforms) = preSolution
		Debug|Any CPU = Debug|Any CPU
		Release|Any CPU = Release|Any CPU
	EndGlobalSection
	GlobalSection(ProjectConfigurationPlatforms) = postSolution
		{724C6EF4-B314-4CEF-A956-D81DB6F2293B}.Debug|Any CPU.ActiveCfg = Debug|Any CPU
		{724C6EF4-B314-4CEF-A956-D81DB6F2293B}.Debug|Any CPU.Build.0 = Debug|Any CPU
		{724C6EF4-B314-4CEF-A956-D81DB6F2293B}.Release|Any CPU.ActiveCfg = Release|Any CPU
		{724C6EF4-B314-4CEF-A956-D81DB6F2293B}.Release|Any CPU.Build.0 = Release|Any CPU
	EndGlobalSection
	GlobalSection(SolutionProperties) = preSolution
		HideSolutionNode = FALSE
	EndGlobalSection
	GlobalSection(ExtensibilityGlobals) = postSolution
		SolutionGuid = {C0B580DA-A845-4266-A5AD-9A5529799441}
	EndGlobalSection
EndGlobal
